// !$*UTF8*$!
{
	archiveVersion = 1;
	classes = {
	};
	objectVersion = 46;
	objects = {

/* Begin PBXBuildFile section */
		E70823981BD9709100726EB5 /* AppDelegate.swift in Sources */ = {isa = PBXBuildFile; fileRef = E70823971BD9709100726EB5 /* AppDelegate.swift */; };
		E708239D1BD9709100726EB5 /* Main.storyboard in Resources */ = {isa = PBXBuildFile; fileRef = E708239B1BD9709100726EB5 /* Main.storyboard */; };
		E708239F1BD9709100726EB5 /* Assets.xcassets in Resources */ = {isa = PBXBuildFile; fileRef = E708239E1BD9709100726EB5 /* Assets.xcassets */; };
		E70823A21BD9709100726EB5 /* LaunchScreen.storyboard in Resources */ = {isa = PBXBuildFile; fileRef = E70823A01BD9709100726EB5 /* LaunchScreen.storyboard */; };
		E70823AD1BD9709100726EB5 /* Fifteen_SolverTests.swift in Sources */ = {isa = PBXBuildFile; fileRef = E70823AC1BD9709100726EB5 /* Fifteen_SolverTests.swift */; };
		E70823B81BD9709100726EB5 /* Fifteen_SolverUITests.swift in Sources */ = {isa = PBXBuildFile; fileRef = E70823B71BD9709100726EB5 /* Fifteen_SolverUITests.swift */; };
		E70823C71BD974E900726EB5 /* BoardGenerator.swift in Sources */ = {isa = PBXBuildFile; fileRef = E70823C61BD974E900726EB5 /* BoardGenerator.swift */; settings = {ASSET_TAGS = (); }; };
		E70823C91BD9764800726EB5 /* Board.swift in Sources */ = {isa = PBXBuildFile; fileRef = E70823C81BD9764800726EB5 /* Board.swift */; settings = {ASSET_TAGS = (); }; };
		E70823CB1BD989C000726EB5 /* SolutionSearcher.swift in Sources */ = {isa = PBXBuildFile; fileRef = E70823CA1BD989C000726EB5 /* SolutionSearcher.swift */; settings = {ASSET_TAGS = (); }; };
		E70AC4E61BE2CEE1007F98C5 /* BoardView.swift in Sources */ = {isa = PBXBuildFile; fileRef = E70AC4E51BE2CEE1007F98C5 /* BoardView.swift */; settings = {ASSET_TAGS = (); }; };
		E744E28A1BE00D8A00D48EC4 /* SwiftPriorityQueue.swift in Sources */ = {isa = PBXBuildFile; fileRef = E744E2891BE00D8A00D48EC4 /* SwiftPriorityQueue.swift */; settings = {ASSET_TAGS = (); }; };
/* End PBXBuildFile section */

/* Begin PBXContainerItemProxy section */
		E70823A91BD9709100726EB5 /* PBXContainerItemProxy */ = {
			isa = PBXContainerItemProxy;
			containerPortal = E708238C1BD9709100726EB5 /* Project object */;
			proxyType = 1;
			remoteGlobalIDString = E70823931BD9709100726EB5;
			remoteInfo = "Fifteen Solver";
		};
		E70823B41BD9709100726EB5 /* PBXContainerItemProxy */ = {
			isa = PBXContainerItemProxy;
			containerPortal = E708238C1BD9709100726EB5 /* Project object */;
			proxyType = 1;
			remoteGlobalIDString = E70823931BD9709100726EB5;
			remoteInfo = "Fifteen Solver";
		};
/* End PBXContainerItemProxy section */

/* Begin PBXFileReference section */
		E70823941BD9709100726EB5 /* Fifteen Solver.app */ = {isa = PBXFileReference; explicitFileType = wrapper.application; includeInIndex = 0; path = "Fifteen Solver.app"; sourceTree = BUILT_PRODUCTS_DIR; };
		E70823971BD9709100726EB5 /* AppDelegate.swift */ = {isa = PBXFileReference; lastKnownFileType = sourcecode.swift; path = AppDelegate.swift; sourceTree = "<group>"; };
		E708239C1BD9709100726EB5 /* Base */ = {isa = PBXFileReference; lastKnownFileType = file.storyboard; name = Base; path = Base.lproj/Main.storyboard; sourceTree = "<group>"; };
		E708239E1BD9709100726EB5 /* Assets.xcassets */ = {isa = PBXFileReference; lastKnownFileType = folder.assetcatalog; path = Assets.xcassets; sourceTree = "<group>"; };
		E70823A11BD9709100726EB5 /* Base */ = {isa = PBXFileReference; lastKnownFileType = file.storyboard; name = Base; path = Base.lproj/LaunchScreen.storyboard; sourceTree = "<group>"; };
		E70823A31BD9709100726EB5 /* Info.plist */ = {isa = PBXFileReference; lastKnownFileType = text.plist.xml; path = Info.plist; sourceTree = "<group>"; };
		E70823A81BD9709100726EB5 /* Fifteen SolverTests.xctest */ = {isa = PBXFileReference; explicitFileType = wrapper.cfbundle; includeInIndex = 0; path = "Fifteen SolverTests.xctest"; sourceTree = BUILT_PRODUCTS_DIR; };
		E70823AC1BD9709100726EB5 /* Fifteen_SolverTests.swift */ = {isa = PBXFileReference; lastKnownFileType = sourcecode.swift; path = Fifteen_SolverTests.swift; sourceTree = "<group>"; };
		E70823AE1BD9709100726EB5 /* Info.plist */ = {isa = PBXFileReference; lastKnownFileType = text.plist.xml; path = Info.plist; sourceTree = "<group>"; };
		E70823B31BD9709100726EB5 /* Fifteen SolverUITests.xctest */ = {isa = PBXFileReference; explicitFileType = wrapper.cfbundle; includeInIndex = 0; path = "Fifteen SolverUITests.xctest"; sourceTree = BUILT_PRODUCTS_DIR; };
		E70823B71BD9709100726EB5 /* Fifteen_SolverUITests.swift */ = {isa = PBXFileReference; lastKnownFileType = sourcecode.swift; path = Fifteen_SolverUITests.swift; sourceTree = "<group>"; };
		E70823B91BD9709100726EB5 /* Info.plist */ = {isa = PBXFileReference; lastKnownFileType = text.plist.xml; path = Info.plist; sourceTree = "<group>"; };
		E70823C61BD974E900726EB5 /* BoardGenerator.swift */ = {isa = PBXFileReference; fileEncoding = 4; lastKnownFileType = sourcecode.swift; path = BoardGenerator.swift; sourceTree = "<group>"; };
		E70823C81BD9764800726EB5 /* Board.swift */ = {isa = PBXFileReference; fileEncoding = 4; lastKnownFileType = sourcecode.swift; path = Board.swift; sourceTree = "<group>"; };
		E70823CA1BD989C000726EB5 /* SolutionSearcher.swift */ = {isa = PBXFileReference; fileEncoding = 4; lastKnownFileType = sourcecode.swift; path = SolutionSearcher.swift; sourceTree = "<group>"; };
		E70AC4E51BE2CEE1007F98C5 /* BoardView.swift */ = {isa = PBXFileReference; fileEncoding = 4; lastKnownFileType = sourcecode.swift; path = BoardView.swift; sourceTree = "<group>"; };
		E744E2891BE00D8A00D48EC4 /* SwiftPriorityQueue.swift */ = {isa = PBXFileReference; fileEncoding = 4; lastKnownFileType = sourcecode.swift; path = SwiftPriorityQueue.swift; sourceTree = "<group>"; };
/* End PBXFileReference section */

/* Begin PBXFrameworksBuildPhase section */
		E70823911BD9709100726EB5 /* Frameworks */ = {
			isa = PBXFrameworksBuildPhase;
			buildActionMask = 2147483647;
			files = (
			);
			runOnlyForDeploymentPostprocessing = 0;
		};
		E70823A51BD9709100726EB5 /* Frameworks */ = {
			isa = PBXFrameworksBuildPhase;
			buildActionMask = 2147483647;
			files = (
			);
			runOnlyForDeploymentPostprocessing = 0;
		};
		E70823B01BD9709100726EB5 /* Frameworks */ = {
			isa = PBXFrameworksBuildPhase;
			buildActionMask = 2147483647;
			files = (
			);
			runOnlyForDeploymentPostprocessing = 0;
		};
/* End PBXFrameworksBuildPhase section */

/* Begin PBXGroup section */
		E708238B1BD9709100726EB5 = {
			isa = PBXGroup;
			children = (
				E70823961BD9709100726EB5 /* Fifteen Solver */,
				E70823AB1BD9709100726EB5 /* Fifteen SolverTests */,
				E70823B61BD9709100726EB5 /* Fifteen SolverUITests */,
				E70823951BD9709100726EB5 /* Products */,
			);
			sourceTree = "<group>";
		};
		E70823951BD9709100726EB5 /* Products */ = {
			isa = PBXGroup;
			children = (
				E70823941BD9709100726EB5 /* Fifteen Solver.app */,
				E70823A81BD9709100726EB5 /* Fifteen SolverTests.xctest */,
				E70823B31BD9709100726EB5 /* Fifteen SolverUITests.xctest */,
			);
			name = Products;
			sourceTree = "<group>";
		};
		E70823961BD9709100726EB5 /* Fifteen Solver */ = {
			isa = PBXGroup;
			children = (
				E70AC4E41BE2CED7007F98C5 /* Views */,
				E70823C51BD974B000726EB5 /* Model */,
				E70823971BD9709100726EB5 /* AppDelegate.swift */,
				E708239B1BD9709100726EB5 /* Main.storyboard */,
				E708239E1BD9709100726EB5 /* Assets.xcassets */,
				E70823A01BD9709100726EB5 /* LaunchScreen.storyboard */,
				E70823A31BD9709100726EB5 /* Info.plist */,
			);
			path = "Fifteen Solver";
			sourceTree = "<group>";
		};
		E70823AB1BD9709100726EB5 /* Fifteen SolverTests */ = {
			isa = PBXGroup;
			children = (
				E70823AC1BD9709100726EB5 /* Fifteen_SolverTests.swift */,
				E70823AE1BD9709100726EB5 /* Info.plist */,
			);
			path = "Fifteen SolverTests";
			sourceTree = "<group>";
		};
		E70823B61BD9709100726EB5 /* Fifteen SolverUITests */ = {
			isa = PBXGroup;
			children = (
				E70823B71BD9709100726EB5 /* Fifteen_SolverUITests.swift */,
				E70823B91BD9709100726EB5 /* Info.plist */,
			);
			path = "Fifteen SolverUITests";
			sourceTree = "<group>";
		};
		E70823C51BD974B000726EB5 /* Model */ = {
			isa = PBXGroup;
			children = (
				E70823C61BD974E900726EB5 /* BoardGenerator.swift */,
				E70823C81BD9764800726EB5 /* Board.swift */,
				E70823CA1BD989C000726EB5 /* SolutionSearcher.swift */,
				E744E2891BE00D8A00D48EC4 /* SwiftPriorityQueue.swift */,
			);
			path = Model;
			sourceTree = "<group>";
		};
		E70AC4E41BE2CED7007F98C5 /* Views */ = {
			isa = PBXGroup;
			children = (
				E70AC4E51BE2CEE1007F98C5 /* BoardView.swift */,
			);
			name = Views;
			sourceTree = "<group>";
		};
/* End PBXGroup section */

/* Begin PBXNativeTarget section */
		E70823931BD9709100726EB5 /* Fifteen Solver */ = {
			isa = PBXNativeTarget;
			buildConfigurationList = E70823BC1BD9709100726EB5 /* Build configuration list for PBXNativeTarget "Fifteen Solver" */;
			buildPhases = (
				E70823901BD9709100726EB5 /* Sources */,
				E70823911BD9709100726EB5 /* Frameworks */,
				E70823921BD9709100726EB5 /* Resources */,
			);
			buildRules = (
			);
			dependencies = (
			);
			name = "Fifteen Solver";
			productName = "Fifteen Solver";
			productReference = E70823941BD9709100726EB5 /* Fifteen Solver.app */;
			productType = "com.apple.product-type.application";
		};
		E70823A71BD9709100726EB5 /* Fifteen SolverTests */ = {
			isa = PBXNativeTarget;
			buildConfigurationList = E70823BF1BD9709100726EB5 /* Build configuration list for PBXNativeTarget "Fifteen SolverTests" */;
			buildPhases = (
				E70823A41BD9709100726EB5 /* Sources */,
				E70823A51BD9709100726EB5 /* Frameworks */,
				E70823A61BD9709100726EB5 /* Resources */,
			);
			buildRules = (
			);
			dependencies = (
				E70823AA1BD9709100726EB5 /* PBXTargetDependency */,
			);
			name = "Fifteen SolverTests";
			productName = "Fifteen SolverTests";
			productReference = E70823A81BD9709100726EB5 /* Fifteen SolverTests.xctest */;
			productType = "com.apple.product-type.bundle.unit-test";
		};
		E70823B21BD9709100726EB5 /* Fifteen SolverUITests */ = {
			isa = PBXNativeTarget;
			buildConfigurationList = E70823C21BD9709100726EB5 /* Build configuration list for PBXNativeTarget "Fifteen SolverUITests" */;
			buildPhases = (
				E70823AF1BD9709100726EB5 /* Sources */,
				E70823B01BD9709100726EB5 /* Frameworks */,
				E70823B11BD9709100726EB5 /* Resources */,
			);
			buildRules = (
			);
			dependencies = (
				E70823B51BD9709100726EB5 /* PBXTargetDependency */,
			);
			name = "Fifteen SolverUITests";
			productName = "Fifteen SolverUITests";
			productReference = E70823B31BD9709100726EB5 /* Fifteen SolverUITests.xctest */;
			productType = "com.apple.product-type.bundle.ui-testing";
		};
/* End PBXNativeTarget section */

/* Begin PBXProject section */
		E708238C1BD9709100726EB5 /* Project object */ = {
			isa = PBXProject;
			attributes = {
				LastUpgradeCheck = 0700;
				ORGANIZATIONNAME = "Kacper Harasim";
				TargetAttributes = {
					E70823931BD9709100726EB5 = {
						CreatedOnToolsVersion = 7.0.1;
					};
					E70823A71BD9709100726EB5 = {
						CreatedOnToolsVersion = 7.0.1;
						TestTargetID = E70823931BD9709100726EB5;
					};
					E70823B21BD9709100726EB5 = {
						CreatedOnToolsVersion = 7.0.1;
						TestTargetID = E70823931BD9709100726EB5;
					};
				};
			};
			buildConfigurationList = E708238F1BD9709100726EB5 /* Build configuration list for PBXProject "Fifteen Solver" */;
			compatibilityVersion = "Xcode 3.2";
			developmentRegion = English;
			hasScannedForEncodings = 0;
			knownRegions = (
				en,
				Base,
			);
			mainGroup = E708238B1BD9709100726EB5;
			productRefGroup = E70823951BD9709100726EB5 /* Products */;
			projectDirPath = "";
			projectRoot = "";
			targets = (
				E70823931BD9709100726EB5 /* Fifteen Solver */,
				E70823A71BD9709100726EB5 /* Fifteen SolverTests */,
				E70823B21BD9709100726EB5 /* Fifteen SolverUITests */,
			);
		};
/* End PBXProject section */

/* Begin PBXResourcesBuildPhase section */
		E70823921BD9709100726EB5 /* Resources */ = {
			isa = PBXResourcesBuildPhase;
			buildActionMask = 2147483647;
			files = (
				E70823A21BD9709100726EB5 /* LaunchScreen.storyboard in Resources */,
				E708239F1BD9709100726EB5 /* Assets.xcassets in Resources */,
				E708239D1BD9709100726EB5 /* Main.storyboard in Resources */,
			);
			runOnlyForDeploymentPostprocessing = 0;
		};
		E70823A61BD9709100726EB5 /* Resources */ = {
			isa = PBXResourcesBuildPhase;
			buildActionMask = 2147483647;
			files = (
			);
			runOnlyForDeploymentPostprocessing = 0;
		};
		E70823B11BD9709100726EB5 /* Resources */ = {
			isa = PBXResourcesBuildPhase;
			buildActionMask = 2147483647;
			files = (
			);
			runOnlyForDeploymentPostprocessing = 0;
		};
/* End PBXResourcesBuildPhase section */

/* Begin PBXSourcesBuildPhase section */
		E70823901BD9709100726EB5 /* Sources */ = {
			isa = PBXSourcesBuildPhase;
			buildActionMask = 2147483647;
			files = (
				E70823C71BD974E900726EB5 /* BoardGenerator.swift in Sources */,
				E70823981BD9709100726EB5 /* AppDelegate.swift in Sources */,
				E744E28A1BE00D8A00D48EC4 /* SwiftPriorityQueue.swift in Sources */,
				E70AC4E61BE2CEE1007F98C5 /* BoardView.swift in Sources */,
				E70823C91BD9764800726EB5 /* Board.swift in Sources */,
				E70823CB1BD989C000726EB5 /* SolutionSearcher.swift in Sources */,
			);
			runOnlyForDeploymentPostprocessing = 0;
		};
		E70823A41BD9709100726EB5 /* Sources */ = {
			isa = PBXSourcesBuildPhase;
			buildActionMask = 2147483647;
			files = (
				E70823AD1BD9709100726EB5 /* Fifteen_SolverTests.swift in Sources */,
			);
			runOnlyForDeploymentPostprocessing = 0;
		};
		E70823AF1BD9709100726EB5 /* Sources */ = {
			isa = PBXSourcesBuildPhase;
			buildActionMask = 2147483647;
			files = (
				E70823B81BD9709100726EB5 /* Fifteen_SolverUITests.swift in Sources */,
			);
			runOnlyForDeploymentPostprocessing = 0;
		};
/* End PBXSourcesBuildPhase section */

/* Begin PBXTargetDependency section */
		E70823AA1BD9709100726EB5 /* PBXTargetDependency */ = {
			isa = PBXTargetDependency;
			target = E70823931BD9709100726EB5 /* Fifteen Solver */;
			targetProxy = E70823A91BD9709100726EB5 /* PBXContainerItemProxy */;
		};
		E70823B51BD9709100726EB5 /* PBXTargetDependency */ = {
			isa = PBXTargetDependency;
			target = E70823931BD9709100726EB5 /* Fifteen Solver */;
			targetProxy = E70823B41BD9709100726EB5 /* PBXContainerItemProxy */;
		};
/* End PBXTargetDependency section */

/* Begin PBXVariantGroup section */
		E708239B1BD9709100726EB5 /* Main.storyboard */ = {
			isa = PBXVariantGroup;
			children = (
				E708239C1BD9709100726EB5 /* Base */,
			);
			name = Main.storyboard;
			sourceTree = "<group>";
		};
		E70823A01BD9709100726EB5 /* LaunchScreen.storyboard */ = {
			isa = PBXVariantGroup;
			children = (
				E70823A11BD9709100726EB5 /* Base */,
			);
			name = LaunchScreen.storyboard;
			sourceTree = "<group>";
		};
/* End PBXVariantGroup section */

/* Begin XCBuildConfiguration section */
		E70823BA1BD9709100726EB5 /* Debug */ = {
			isa = XCBuildConfiguration;
			buildSettings = {
				ALWAYS_SEARCH_USER_PATHS = NO;
				CLANG_CXX_LANGUAGE_STANDARD = "gnu++0x";
				CLANG_CXX_LIBRARY = "libc++";
				CLANG_ENABLE_MODULES = YES;
				CLANG_ENABLE_OBJC_ARC = YES;
				CLANG_WARN_BOOL_CONVERSION = YES;
				CLANG_WARN_CONSTANT_CONVERSION = YES;
				CLANG_WARN_DIRECT_OBJC_ISA_USAGE = YES_ERROR;
				CLANG_WARN_EMPTY_BODY = YES;
				CLANG_WARN_ENUM_CONVERSION = YES;
				CLANG_WARN_INT_CONVERSION = YES;
				CLANG_WARN_OBJC_ROOT_CLASS = YES_ERROR;
				CLANG_WARN_UNREACHABLE_CODE = YES;
				CLANG_WARN__DUPLICATE_METHOD_MATCH = YES;
				"CODE_SIGN_IDENTITY[sdk=iphoneos*]" = "iPhone Developer";
				COPY_PHASE_STRIP = NO;
				DEBUG_INFORMATION_FORMAT = dwarf;
				ENABLE_STRICT_OBJC_MSGSEND = YES;
				ENABLE_TESTABILITY = YES;
				GCC_C_LANGUAGE_STANDARD = gnu99;
				GCC_DYNAMIC_NO_PIC = NO;
				GCC_NO_COMMON_BLOCKS = YES;
				GCC_OPTIMIZATION_LEVEL = 0;
				GCC_PREPROCESSOR_DEFINITIONS = (
					"DEBUG=1",
					"$(inherited)",
				);
				GCC_WARN_64_TO_32_BIT_CONVERSION = YES;
				GCC_WARN_ABOUT_RETURN_TYPE = YES_ERROR;
				GCC_WARN_UNDECLARED_SELECTOR = YES;
				GCC_WARN_UNINITIALIZED_AUTOS = YES_AGGRESSIVE;
				GCC_WARN_UNUSED_FUNCTION = YES;
				GCC_WARN_UNUSED_VARIABLE = YES;
				IPHONEOS_DEPLOYMENT_TARGET = 9.0;
				MTL_ENABLE_DEBUG_INFO = YES;
				ONLY_ACTIVE_ARCH = YES;
				SDKROOT = iphoneos;
				SWIFT_OPTIMIZATION_LEVEL = "-Onone";
			};
			name = Debug;
		};
		E70823BB1BD9709100726EB5 /* Release */ = {
			isa = XCBuildConfiguration;
			buildSettings = {
				ALWAYS_SEARCH_USER_PATHS = NO;
				CLANG_CXX_LANGUAGE_STANDARD = "gnu++0x";
				CLANG_CXX_LIBRARY = "libc++";
				CLANG_ENABLE_MODULES = YES;
				CLANG_ENABLE_OBJC_ARC = YES;
				CLANG_WARN_BOOL_CONVERSION = YES;
				CLANG_WARN_CONSTANT_CONVERSION = YES;
				CLANG_WARN_DIRECT_OBJC_ISA_USAGE = YES_ERROR;
				CLANG_WARN_EMPTY_BODY = YES;
				CLANG_WARN_ENUM_CONVERSION = YES;
				CLANG_WARN_INT_CONVERSION = YES;
				CLANG_WARN_OBJC_ROOT_CLASS = YES_ERROR;
				CLANG_WARN_UNREACHABLE_CODE = YES;
				CLANG_WARN__DUPLICATE_METHOD_MATCH = YES;
				"CODE_SIGN_IDENTITY[sdk=iphoneos*]" = "iPhone Developer";
				COPY_PHASE_STRIP = NO;
				DEBUG_INFORMATION_FORMAT = "dwarf-with-dsym";
				ENABLE_NS_ASSERTIONS = NO;
				ENABLE_STRICT_OBJC_MSGSEND = YES;
				GCC_C_LANGUAGE_STANDARD = gnu99;
				GCC_NO_COMMON_BLOCKS = YES;
				GCC_WARN_64_TO_32_BIT_CONVERSION = YES;
				GCC_WARN_ABOUT_RETURN_TYPE = YES_ERROR;
				GCC_WARN_UNDECLARED_SELECTOR = YES;
				GCC_WARN_UNINITIALIZED_AUTOS = YES_AGGRESSIVE;
				GCC_WARN_UNUSED_FUNCTION = YES;
				GCC_WARN_UNUSED_VARIABLE = YES;
				IPHONEOS_DEPLOYMENT_TARGET = 9.0;
				MTL_ENABLE_DEBUG_INFO = NO;
				SDKROOT = iphoneos;
				VALIDATE_PRODUCT = YES;
			};
			name = Release;
		};
		E70823BD1BD9709100726EB5 /* Debug */ = {
			isa = XCBuildConfiguration;
			buildSettings = {
				ASSETCATALOG_COMPILER_APPICON_NAME = AppIcon;
				INFOPLIST_FILE = "Fifteen Solver/Info.plist";
				LD_RUNPATH_SEARCH_PATHS = "$(inherited) @executable_path/Frameworks";
				PRODUCT_BUNDLE_IDENTIFIER = "pl.harasim.Fifteen-Solver";
				PRODUCT_NAME = "$(TARGET_NAME)";
			};
			name = Debug;
		};
		E70823BE1BD9709100726EB5 /* Release */ = {
			isa = XCBuildConfiguration;
			buildSettings = {
				ASSETCATALOG_COMPILER_APPICON_NAME = AppIcon;
				INFOPLIST_FILE = "Fifteen Solver/Info.plist";
				LD_RUNPATH_SEARCH_PATHS = "$(inherited) @executable_path/Frameworks";
				PRODUCT_BUNDLE_IDENTIFIER = "pl.harasim.Fifteen-Solver";
				PRODUCT_NAME = "$(TARGET_NAME)";
			};
			name = Release;
		};
		E70823C01BD9709100726EB5 /* Debug */ = {
			isa = XCBuildConfiguration;
			buildSettings = {
				BUNDLE_LOADER = "$(TEST_HOST)";
				INFOPLIST_FILE = "Fifteen SolverTests/Info.plist";
				LD_RUNPATH_SEARCH_PATHS = "$(inherited) @executable_path/Frameworks @loader_path/Frameworks";
				PRODUCT_BUNDLE_IDENTIFIER = "pl.harasim.Fifteen-SolverTests";
				PRODUCT_NAME = "$(TARGET_NAME)";
				TEST_HOST = "$(BUILT_PRODUCTS_DIR)/Fifteen Solver.app/Fifteen Solver";
			};
			name = Debug;
		};
		E70823C11BD9709100726EB5 /* Release */ = {
			isa = XCBuildConfiguration;
			buildSettings = {
				BUNDLE_LOADER = "$(TEST_HOST)";
				INFOPLIST_FILE = "Fifteen SolverTests/Info.plist";
				LD_RUNPATH_SEARCH_PATHS = "$(inherited) @executable_path/Frameworks @loader_path/Frameworks";
				PRODUCT_BUNDLE_IDENTIFIER = "pl.harasim.Fifteen-SolverTests";
				PRODUCT_NAME = "$(TARGET_NAME)";
				TEST_HOST = "$(BUILT_PRODUCTS_DIR)/Fifteen Solver.app/Fifteen Solver";
			};
			name = Release;
		};
		E70823C31BD9709100726EB5 /* Debug */ = {
			isa = XCBuildConfiguration;
			buildSettings = {
				INFOPLIST_FILE = "Fifteen SolverUITests/Info.plist";
				LD_RUNPATH_SEARCH_PATHS = "$(inherited) @executable_path/Frameworks @loader_path/Frameworks";
				PRODUCT_BUNDLE_IDENTIFIER = "pl.harasim.Fifteen-SolverUITests";
				PRODUCT_NAME = "$(TARGET_NAME)";
				TEST_TARGET_NAME = "Fifteen Solver";
				USES_XCTRUNNER = YES;
			};
			name = Debug;
		};
		E70823C41BD9709100726EB5 /* Release */ = {
			isa = XCBuildConfiguration;
			buildSettings = {
				INFOPLIST_FILE = "Fifteen SolverUITests/Info.plist";
				LD_RUNPATH_SEARCH_PATHS = "$(inherited) @executable_path/Frameworks @loader_path/Frameworks";
				PRODUCT_BUNDLE_IDENTIFIER = "pl.harasim.Fifteen-SolverUITests";
				PRODUCT_NAME = "$(TARGET_NAME)";
				TEST_TARGET_NAME = "Fifteen Solver";
				USES_XCTRUNNER = YES;
			};
			name = Release;
		};
/* End XCBuildConfiguration section */

/* Begin XCConfigurationList section */
		E708238F1BD9709100726EB5 /* Build configuration list for PBXProject "Fifteen Solver" */ = {
			isa = XCConfigurationList;
			buildConfigurations = (
				E70823BA1BD9709100726EB5 /* Debug */,
				E70823BB1BD9709100726EB5 /* Release */,
			);
			defaultConfigurationIsVisible = 0;
			defaultConfigurationName = Release;
		};
		E70823BC1BD9709100726EB5 /* Build configuration list for PBXNativeTarget "Fifteen Solver" */ = {
			isa = XCConfigurationList;
			buildConfigurations = (
				E70823BD1BD9709100726EB5 /* Debug */,
				E70823BE1BD9709100726EB5 /* Release */,
			);
			defaultConfigurationIsVisible = 0;
			defaultConfigurationName = Release;
		};
		E70823BF1BD9709100726EB5 /* Build configuration list for PBXNativeTarget "Fifteen SolverTests" */ = {
			isa = XCConfigurationList;
			buildConfigurations = (
				E70823C01BD9709100726EB5 /* Debug */,
				E70823C11BD9709100726EB5 /* Release */,
			);
			defaultConfigurationIsVisible = 0;
			defaultConfigurationName = Release;
		};
		E70823C21BD9709100726EB5 /* Build configuration list for PBXNativeTarget "Fifteen SolverUITests" */ = {
			isa = XCConfigurationList;
			buildConfigurations = (
				E70823C31BD9709100726EB5 /* Debug */,
				E70823C41BD9709100726EB5 /* Release */,
			);
			defaultConfigurationIsVisible = 0;
			defaultConfigurationName = Release;
		};
/* End XCConfigurationList section */
	};
	rootObject = E708238C1BD9709100726EB5 /* Project object */;
}
